
Microsoft Visual Studio Solution File, Format Version 12.00
# Visual Studio 15
VisualStudioVersion = 15.0.28307.271
MinimumVisualStudioVersion = 10.0.40219.1
Project("{FAE04EC0-301F-11D3-BF4B-00C04F79EFBC}") = "CedulasEstatalesApi", "CedulasEstatalesApi\CedulasEstatalesApi.csproj", "{F94520A5-72D9-4BA1-957C-62D73D3BF38E}"
EndProject
Global
	GlobalSection(SolutionConfigurationPlatforms) = preSolution
		Debug|Any CPU = Debug|Any CPU
		Release|Any CPU = Release|Any CPU
	EndGlobalSection
	GlobalSection(ProjectConfigurationPlatforms) = postSolution
		{F94520A5-72D9-4BA1-957C-62D73D3BF38E}.Debug|Any CPU.ActiveCfg = Debug|Any CPU
		{F94520A5-72D9-4BA1-957C-62D73D3BF38E}.Debug|Any CPU.Build.0 = Debug|Any CPU
		{F94520A5-72D9-4BA1-957C-62D73D3BF38E}.Release|Any CPU.ActiveCfg = Release|Any CPU
		{F94520A5-72D9-4BA1-957C-62D73D3BF38E}.Release|Any CPU.Build.0 = Release|Any CPU
	EndGlobalSection
	GlobalSection(SolutionProperties) = preSolution
		HideSolutionNode = FALSE
	EndGlobalSection
	GlobalSection(ExtensibilityGlobals) = postSolution
		SolutionGuid = {E1863676-C072-454A-9903-069489EBD0C2}
	EndGlobalSection
EndGlobal
